
Microsoft Visual Studio Solution File, Format Version 12.00
# Visual Studio Version 17
VisualStudioVersion = 17.0.31903.59
MinimumVisualStudioVersion = 10.0.40219.1
Project("{2150E333-8FDC-42A3-9474-1A3956D46DE8}") = "src", "src", "{827E0CD3-B72D-47B6-A68D-7590B98EB39B}"
EndProject
Project("{2150E333-8FDC-42A3-9474-1A3956D46DE8}") = "Apps", "Apps", "{AD2A5A3B-A595-3E96-334A-002D08FE630C}"
EndProject
Project("{FAE04EC0-301F-11D3-BF4B-00C04F79EFBC}") = "PulseBoard.Api", "src\Apps\PulseBoard.Api\PulseBoard.Api.csproj", "{4DCCEFD9-3DDE-407A-AB27-8F659D054D6E}"
EndProject
Project("{FAE04EC0-301F-11D3-BF4B-00C04F79EFBC}") = "PulseBoard.Ingestion", "src\Apps\PulseBoard.Ingestion\PulseBoard.Ingestion.csproj", "{130AD50D-A8ED-4717-85F6-16ABF03FFA1C}"
EndProject
Project("{2150E333-8FDC-42A3-9474-1A3956D46DE8}") = "BuildingBlocks", "BuildingBlocks", "{90298CBA-BD6F-3A0A-69D5-97CAD7B05E7E}"
EndProject
Project("{FAE04EC0-301F-11D3-BF4B-00C04F79EFBC}") = "PulseBoard.Domain", "src\BuildingBlocks\PulseBoard.Domain\PulseBoard.Domain.csproj", "{89C32A13-8874-4257-9E08-4E69E147F0FE}"
EndProject
Project("{FAE04EC0-301F-11D3-BF4B-00C04F79EFBC}") = "PulseBoard.Infrastructure", "src\BuildingBlocks\PulseBoard.Infrastructure\PulseBoard.Infrastructure.csproj", "{14374E0B-E43D-454A-976B-8877A0A8C925}"
EndProject
Project("{FAE04EC0-301F-11D3-BF4B-00C04F79EFBC}") = "PulseBoard.Contracts", "src\BuildingBlocks\PulseBoard.Contracts\PulseBoard.Contracts.csproj", "{DCA28897-85CD-4B97-889C-0BC3C64EF3E9}"
EndProject
Project("{FAE04EC0-301F-11D3-BF4B-00C04F79EFBC}") = "PulseBoard.Configuration", "src\BuildingBlocks\PulseBoard.Configuration\PulseBoard.Configuration.csproj", "{A1B2C3D4-E5F6-7890-ABCD-EF1234567890}"
EndProject
Project("{2150E333-8FDC-42A3-9474-1A3956D46DE8}") = "tests", "tests", "{0AB3BF05-4346-4AA6-1389-037BE0695223}"
EndProject
Project("{FAE04EC0-301F-11D3-BF4B-00C04F79EFBC}") = "PulseBoard.Domain.Tests", "tests\PulseBoard.Domain.Tests\PulseBoard.Domain.Tests.csproj", "{7A9A9AAE-3ED3-4C63-8E8F-0481F7ACED31}"
EndProject
Global
	GlobalSection(SolutionConfigurationPlatforms) = preSolution
		Debug|Any CPU = Debug|Any CPU
		Debug|x64 = Debug|x64
		Debug|x86 = Debug|x86
		Release|Any CPU = Release|Any CPU
		Release|x64 = Release|x64
		Release|x86 = Release|x86
	EndGlobalSection
	GlobalSection(ProjectConfigurationPlatforms) = postSolution
		{4DCCEFD9-3DDE-407A-AB27-8F659D054D6E}.Debug|Any CPU.ActiveCfg = Debug|Any CPU
		{4DCCEFD9-3DDE-407A-AB27-8F659D054D6E}.Debug|Any CPU.Build.0 = Debug|Any CPU
		{4DCCEFD9-3DDE-407A-AB27-8F659D054D6E}.Debug|x64.ActiveCfg = Debug|Any CPU
		{4DCCEFD9-3DDE-407A-AB27-8F659D054D6E}.Debug|x64.Build.0 = Debug|Any CPU
		{4DCCEFD9-3DDE-407A-AB27-8F659D054D6E}.Debug|x86.ActiveCfg = Debug|Any CPU
		{4DCCEFD9-3DDE-407A-AB27-8F659D054D6E}.Debug|x86.Build.0 = Debug|Any CPU
		{4DCCEFD9-3DDE-407A-AB27-8F659D054D6E}.Release|Any CPU.ActiveCfg = Release|Any CPU
		{4DCCEFD9-3DDE-407A-AB27-8F659D054D6E}.Release|Any CPU.Build.0 = Release|Any CPU
		{4DCCEFD9-3DDE-407A-AB27-8F659D054D6E}.Release|x64.ActiveCfg = Release|Any CPU
		{4DCCEFD9-3DDE-407A-AB27-8F659D054D6E}.Release|x64.Build.0 = Release|Any CPU
		{4DCCEFD9-3DDE-407A-AB27-8F659D054D6E}.Release|x86.ActiveCfg = Release|Any CPU
		{4DCCEFD9-3DDE-407A-AB27-8F659D054D6E}.Release|x86.Build.0 = Release|Any CPU
		{130AD50D-A8ED-4717-85F6-16ABF03FFA1C}.Debug|Any CPU.ActiveCfg = Debug|Any CPU
		{130AD50D-A8ED-4717-85F6-16ABF03FFA1C}.Debug|Any CPU.Build.0 = Debug|Any CPU
		{130AD50D-A8ED-4717-85F6-16ABF03FFA1C}.Debug|x64.ActiveCfg = Debug|Any CPU
		{130AD50D-A8ED-4717-85F6-16ABF03FFA1C}.Debug|x64.Build.0 = Debug|Any CPU
		{130AD50D-A8ED-4717-85F6-16ABF03FFA1C}.Debug|x86.ActiveCfg = Debug|Any CPU
		{130AD50D-A8ED-4717-85F6-16ABF03FFA1C}.Debug|x86.Build.0 = Debug|Any CPU
		{130AD50D-A8ED-4717-85F6-16ABF03FFA1C}.Release|Any CPU.ActiveCfg = Release|Any CPU
		{130AD50D-A8ED-4717-85F6-16ABF03FFA1C}.Release|Any CPU.Build.0 = Release|Any CPU
		{130AD50D-A8ED-4717-85F6-16ABF03FFA1C}.Release|x64.ActiveCfg = Release|Any CPU
		{130AD50D-A8ED-4717-85F6-16ABF03FFA1C}.Release|x64.Build.0 = Release|Any CPU
		{130AD50D-A8ED-4717-85F6-16ABF03FFA1C}.Release|x86.ActiveCfg = Release|Any CPU
		{130AD50D-A8ED-4717-85F6-16ABF03FFA1C}.Release|x86.Build.0 = Release|Any CPU
		{89C32A13-8874-4257-9E08-4E69E147F0FE}.Debug|Any CPU.ActiveCfg = Debug|Any CPU
		{89C32A13-8874-4257-9E08-4E69E147F0FE}.Debug|Any CPU.Build.0 = Debug|Any CPU
		{89C32A13-8874-4257-9E08-4E69E147F0FE}.Debug|x64.ActiveCfg = Debug|Any CPU
		{89C32A13-8874-4257-9E08-4E69E147F0FE}.Debug|x64.Build.0 = Debug|Any CPU
		{89C32A13-8874-4257-9E08-4E69E147F0FE}.Debug|x86.ActiveCfg = Debug|Any CPU
		{89C32A13-8874-4257-9E08-4E69E147F0FE}.Debug|x86.Build.0 = Debug|Any CPU
		{89C32A13-8874-4257-9E08-4E69E147F0FE}.Release|Any CPU.ActiveCfg = Release|Any CPU
		{89C32A13-8874-4257-9E08-4E69E147F0FE}.Release|Any CPU.Build.0 = Release|Any CPU
		{89C32A13-8874-4257-9E08-4E69E147F0FE}.Release|x64.ActiveCfg = Release|Any CPU
		{89C32A13-8874-4257-9E08-4E69E147F0FE}.Release|x64.Build.0 = Release|Any CPU
		{89C32A13-8874-4257-9E08-4E69E147F0FE}.Release|x86.ActiveCfg = Release|Any CPU
		{89C32A13-8874-4257-9E08-4E69E147F0FE}.Release|x86.Build.0 = Release|Any CPU
		{14374E0B-E43D-454A-976B-8877A0A8C925}.Debug|Any CPU.ActiveCfg = Debug|Any CPU
		{14374E0B-E43D-454A-976B-8877A0A8C925}.Debug|Any CPU.Build.0 = Debug|Any CPU
		{14374E0B-E43D-454A-976B-8877A0A8C925}.Debug|x64.ActiveCfg = Debug|Any CPU
		{14374E0B-E43D-454A-976B-8877A0A8C925}.Debug|x64.Build.0 = Debug|Any CPU
		{14374E0B-E43D-454A-976B-8877A0A8C925}.Debug|x86.ActiveCfg = Debug|Any CPU
		{14374E0B-E43D-454A-976B-8877A0A8C925}.Debug|x86.Build.0 = Debug|Any CPU
		{14374E0B-E43D-454A-976B-8877A0A8C925}.Release|Any CPU.ActiveCfg = Release|Any CPU
		{14374E0B-E43D-454A-976B-8877A0A8C925}.Release|Any CPU.Build.0 = Release|Any CPU
		{14374E0B-E43D-454A-976B-8877A0A8C925}.Release|x64.ActiveCfg = Release|Any CPU
		{14374E0B-E43D-454A-976B-8877A0A8C925}.Release|x64.Build.0 = Release|Any CPU
		{14374E0B-E43D-454A-976B-8877A0A8C925}.Release|x86.ActiveCfg = Release|Any CPU
		{14374E0B-E43D-454A-976B-8877A0A8C925}.Release|x86.Build.0 = Release|Any CPU
		{DCA28897-85CD-4B97-889C-0BC3C64EF3E9}.Debug|Any CPU.ActiveCfg = Debug|Any CPU
		{DCA28897-85CD-4B97-889C-0BC3C64EF3E9}.Debug|Any CPU.Build.0 = Debug|Any CPU
		{DCA28897-85CD-4B97-889C-0BC3C64EF3E9}.Debug|x64.ActiveCfg = Debug|Any CPU
		{DCA28897-85CD-4B97-889C-0BC3C64EF3E9}.Debug|x64.Build.0 = Debug|Any CPU
		{DCA28897-85CD-4B97-889C-0BC3C64EF3E9}.Debug|x86.ActiveCfg = Debug|Any CPU
		{DCA28897-85CD-4B97-889C-0BC3C64EF3E9}.Debug|x86.Build.0 = Debug|Any CPU
		{DCA28897-85CD-4B97-889C-0BC3C64EF3E9}.Release|Any CPU.ActiveCfg = Release|Any CPU
		{DCA28897-85CD-4B97-889C-0BC3C64EF3E9}.Release|Any CPU.Build.0 = Release|Any CPU
		{DCA28897-85CD-4B97-889C-0BC3C64EF3E9}.Release|x64.ActiveCfg = Release|Any CPU
		{DCA28897-85CD-4B97-889C-0BC3C64EF3E9}.Release|x64.Build.0 = Release|Any CPU
		{DCA28897-85CD-4B97-889C-0BC3C64EF3E9}.Release|x86.ActiveCfg = Release|Any CPU
		{DCA28897-85CD-4B97-889C-0BC3C64EF3E9}.Release|x86.Build.0 = Release|Any CPU
		{7A9A9AAE-3ED3-4C63-8E8F-0481F7ACED31}.Debug|Any CPU.ActiveCfg = Debug|Any CPU
		{7A9A9AAE-3ED3-4C63-8E8F-0481F7ACED31}.Debug|Any CPU.Build.0 = Debug|Any CPU
		{7A9A9AAE-3ED3-4C63-8E8F-0481F7ACED31}.Debug|x64.ActiveCfg = Debug|Any CPU
		{7A9A9AAE-3ED3-4C63-8E8F-0481F7ACED31}.Debug|x64.Build.0 = Debug|Any CPU
		{7A9A9AAE-3ED3-4C63-8E8F-0481F7ACED31}.Debug|x86.ActiveCfg = Debug|Any CPU
		{7A9A9AAE-3ED3-4C63-8E8F-0481F7ACED31}.Debug|x86.Build.0 = Debug|Any CPU
		{7A9A9AAE-3ED3-4C63-8E8F-0481F7ACED31}.Release|Any CPU.ActiveCfg = Release|Any CPU
		{7A9A9AAE-3ED3-4C63-8E8F-0481F7ACED31}.Release|Any CPU.Build.0 = Release|Any CPU
		{7A9A9AAE-3ED3-4C63-8E8F-0481F7ACED31}.Release|x64.ActiveCfg = Release|Any CPU
		{7A9A9AAE-3ED3-4C63-8E8F-0481F7ACED31}.Release|x64.Build.0 = Release|Any CPU
		{7A9A9AAE-3ED3-4C63-8E8F-0481F7ACED31}.Release|x86.ActiveCfg = Release|Any CPU
		{7A9A9AAE-3ED3-4C63-8E8F-0481F7ACED31}.Release|x86.Build.0 = Release|Any CPU
		{A1B2C3D4-E5F6-7890-ABCD-EF1234567890}.Debug|Any CPU.ActiveCfg = Debug|Any CPU
		{A1B2C3D4-E5F6-7890-ABCD-EF1234567890}.Debug|Any CPU.Build.0 = Debug|Any CPU
		{A1B2C3D4-E5F6-7890-ABCD-EF1234567890}.Debug|x64.ActiveCfg = Debug|Any CPU
		{A1B2C3D4-E5F6-7890-ABCD-EF1234567890}.Debug|x64.Build.0 = Debug|Any CPU
		{A1B2C3D4-E5F6-7890-ABCD-EF1234567890}.Debug|x86.ActiveCfg = Debug|Any CPU
		{A1B2C3D4-E5F6-7890-ABCD-EF1234567890}.Debug|x86.Build.0 = Debug|Any CPU
		{A1B2C3D4-E5F6-7890-ABCD-EF1234567890}.Release|Any CPU.ActiveCfg = Release|Any CPU
		{A1B2C3D4-E5F6-7890-ABCD-EF1234567890}.Release|Any CPU.Build.0 = Release|Any CPU
		{A1B2C3D4-E5F6-7890-ABCD-EF1234567890}.Release|x64.ActiveCfg = Release|Any CPU
		{A1B2C3D4-E5F6-7890-ABCD-EF1234567890}.Release|x64.Build.0 = Release|Any CPU
		{A1B2C3D4-E5F6-7890-ABCD-EF1234567890}.Release|x86.ActiveCfg = Release|Any CPU
		{A1B2C3D4-E5F6-7890-ABCD-EF1234567890}.Release|x86.Build.0 = Release|Any CPU
	EndGlobalSection
	GlobalSection(SolutionProperties) = preSolution
		HideSolutionNode = FALSE
	EndGlobalSection
	GlobalSection(NestedProjects) = preSolution
		{AD2A5A3B-A595-3E96-334A-002D08FE630C} = {827E0CD3-B72D-47B6-A68D-7590B98EB39B}
		{4DCCEFD9-3DDE-407A-AB27-8F659D054D6E} = {AD2A5A3B-A595-3E96-334A-002D08FE630C}
		{130AD50D-A8ED-4717-85F6-16ABF03FFA1C} = {AD2A5A3B-A595-3E96-334A-002D08FE630C}
		{90298CBA-BD6F-3A0A-69D5-97CAD7B05E7E} = {827E0CD3-B72D-47B6-A68D-7590B98EB39B}
		{89C32A13-8874-4257-9E08-4E69E147F0FE} = {90298CBA-BD6F-3A0A-69D5-97CAD7B05E7E}
		{14374E0B-E43D-454A-976B-8877A0A8C925} = {90298CBA-BD6F-3A0A-69D5-97CAD7B05E7E}
		{DCA28897-85CD-4B97-889C-0BC3C64EF3E9} = {90298CBA-BD6F-3A0A-69D5-97CAD7B05E7E}
		{A1B2C3D4-E5F6-7890-ABCD-EF1234567890} = {90298CBA-BD6F-3A0A-69D5-97CAD7B05E7E}
		{7A9A9AAE-3ED3-4C63-8E8F-0481F7ACED31} = {0AB3BF05-4346-4AA6-1389-037BE0695223}
	EndGlobalSection
EndGlobal
